{
  "nodes": {
    "nixpkgs": {
      "locked": {
        "lastModified": 1751645703,
        "narHash": "sha256-gD1/V3f2+KrjxtsRvF73oh+waRZhlfl1WlRNbEXwtFw=",
        "owner": "NixOS",
        "repo": "nixpkgs",
        "rev": "dbbff2f16d4eb0f126fe98569b3a6daccea0fb78",
        "type": "github"
      },
      "original": {
        "owner": "NixOS",
        "repo": "nixpkgs",
        "rev": "dbbff2f16d4eb0f126fe98569b3a6daccea0fb78",
        "type": "github"
      }
    },
    "root": {
      "inputs": {
        "nixpkgs": "nixpkgs",
        "systems": "systems"
      }
    },
    "systems": {
      "locked": {
        "lastModified": 1689347949,
        "narHash": "sha256-12tWmuL2zgBgZkdoB6qXZsgJEH9LR3oUgpaQq2RbI80=",
        "owner": "nix-systems",
        "repo": "default-linux",
        "rev": "31732fcf5e8fea42e59c2488ad31a0e651500f68",
        "type": "github"
      },
      "original": {
        "owner": "nix-systems",
        "repo": "default-linux",
        "type": "github"
      }
    }
  },
  "root": "root",
  "version": 7
}
